// !$*UTF8*$!
{
	archiveVersion = 1;
	classes = {
	};
	objectVersion = 46;
	objects = {

/* Begin PBXBuildFile section */
		A948697C144EAE9600E08DE3 /* UIKit.framework in Frameworks */ = {isa = PBXBuildFile; fileRef = A948697B144EAE9600E08DE3 /* UIKit.framework */; };
		A948697E144EAE9600E08DE3 /* Foundation.framework in Frameworks */ = {isa = PBXBuildFile; fileRef = A948697D144EAE9600E08DE3 /* Foundation.framework */; };
		A9486980144EAE9600E08DE3 /* CoreGraphics.framework in Frameworks */ = {isa = PBXBuildFile; fileRef = A948697F144EAE9600E08DE3 /* CoreGraphics.framework */; };
		A9486986144EAE9600E08DE3 /* InfoPlist.strings in Resources */ = {isa = PBXBuildFile; fileRef = A9486984144EAE9600E08DE3 /* InfoPlist.strings */; };
		A9486988144EAE9600E08DE3 /* main.m in Sources */ = {isa = PBXBuildFile; fileRef = A9486987144EAE9600E08DE3 /* main.m */; };
		A948698C144EAE9600E08DE3 /* AppDelegate.m in Sources */ = {isa = PBXBuildFile; fileRef = A948698B144EAE9600E08DE3 /* AppDelegate.m */; };
		A948698F144EAE9600E08DE3 /* RootViewController.m in Sources */ = {isa = PBXBuildFile; fileRef = A948698E144EAE9600E08DE3 /* RootViewController.m */; };
		A9486992144EAE9600E08DE3 /* DataViewController.m in Sources */ = {isa = PBXBuildFile; fileRef = A9486991144EAE9600E08DE3 /* DataViewController.m */; };
		A9486995144EAE9600E08DE3 /* ModelController.m in Sources */ = {isa = PBXBuildFile; fileRef = A9486994144EAE9600E08DE3 /* ModelController.m */; };
		A9486998144EAE9600E08DE3 /* MainStoryboard.storyboard in Resources */ = {isa = PBXBuildFile; fileRef = A9486996144EAE9600E08DE3 /* MainStoryboard.storyboard */; };
		A9632C5E1454FC280018D111 /* DataSaveController.m in Sources */ = {isa = PBXBuildFile; fileRef = A9632C5D1454FC280018D111 /* DataSaveController.m */; };
		A9632C6A14550A2B0018D111 /* DocumentPathController.m in Sources */ = {isa = PBXBuildFile; fileRef = A9632C6914550A2B0018D111 /* DocumentPathController.m */; };
/* End PBXBuildFile section */

/* Begin PBXFileReference section */
		A9486977144EAE9600E08DE3 /* 08_DataProcess_Sample.app */ = {isa = PBXFileReference; explicitFileType = wrapper.application; includeInIndex = 0; path = 08_DataProcess_Sample.app; sourceTree = BUILT_PRODUCTS_DIR; };
		A948697B144EAE9600E08DE3 /* UIKit.framework */ = {isa = PBXFileReference; lastKnownFileType = wrapper.framework; name = UIKit.framework; path = System/Library/Frameworks/UIKit.framework; sourceTree = SDKROOT; };
		A948697D144EAE9600E08DE3 /* Foundation.framework */ = {isa = PBXFileReference; lastKnownFileType = wrapper.framework; name = Foundation.framework; path = System/Library/Frameworks/Foundation.framework; sourceTree = SDKROOT; };
		A948697F144EAE9600E08DE3 /* CoreGraphics.framework */ = {isa = PBXFileReference; lastKnownFileType = wrapper.framework; name = CoreGraphics.framework; path = System/Library/Frameworks/CoreGraphics.framework; sourceTree = SDKROOT; };
		A9486983144EAE9600E08DE3 /* 08_DataProcess_Sample-Info.plist */ = {isa = PBXFileReference; lastKnownFileType = text.plist.xml; path = "08_DataProcess_Sample-Info.plist"; sourceTree = "<group>"; };
		A9486985144EAE9600E08DE3 /* en */ = {isa = PBXFileReference; lastKnownFileType = text.plist.strings; name = en; path = en.lproj/InfoPlist.strings; sourceTree = "<group>"; };
		A9486987144EAE9600E08DE3 /* main.m */ = {isa = PBXFileReference; lastKnownFileType = sourcecode.c.objc; path = main.m; sourceTree = "<group>"; };
		A9486989144EAE9600E08DE3 /* 08_DataProcess_Sample-Prefix.pch */ = {isa = PBXFileReference; lastKnownFileType = sourcecode.c.h; path = "08_DataProcess_Sample-Prefix.pch"; sourceTree = "<group>"; };
		A948698A144EAE9600E08DE3 /* AppDelegate.h */ = {isa = PBXFileReference; lastKnownFileType = sourcecode.c.h; path = AppDelegate.h; sourceTree = "<group>"; };
		A948698B144EAE9600E08DE3 /* AppDelegate.m */ = {isa = PBXFileReference; lastKnownFileType = sourcecode.c.objc; path = AppDelegate.m; sourceTree = "<group>"; };
		A948698D144EAE9600E08DE3 /* RootViewController.h */ = {isa = PBXFileReference; lastKnownFileType = sourcecode.c.h; path = RootViewController.h; sourceTree = "<group>"; };
		A948698E144EAE9600E08DE3 /* RootViewController.m */ = {isa = PBXFileReference; lastKnownFileType = sourcecode.c.objc; path = RootViewController.m; sourceTree = "<group>"; };
		A9486990144EAE9600E08DE3 /* DataViewController.h */ = {isa = PBXFileReference; lastKnownFileType = sourcecode.c.h; path = DataViewController.h; sourceTree = "<group>"; };
		A9486991144EAE9600E08DE3 /* DataViewController.m */ = {isa = PBXFileReference; lastKnownFileType = sourcecode.c.objc; path = DataViewController.m; sourceTree = "<group>"; };
		A9486993144EAE9600E08DE3 /* ModelController.h */ = {isa = PBXFileReference; lastKnownFileType = sourcecode.c.h; path = ModelController.h; sourceTree = "<group>"; };
		A9486994144EAE9600E08DE3 /* ModelController.m */ = {isa = PBXFileReference; lastKnownFileType = sourcecode.c.objc; path = ModelController.m; sourceTree = "<group>"; };
		A9486997144EAE9600E08DE3 /* en */ = {isa = PBXFileReference; lastKnownFileType = file.storyboard; name = en; path = en.lproj/MainStoryboard.storyboard; sourceTree = "<group>"; };
		A9632C5C1454FC280018D111 /* DataSaveController.h */ = {isa = PBXFileReference; fileEncoding = 4; lastKnownFileType = sourcecode.c.h; path = DataSaveController.h; sourceTree = "<group>"; };
		A9632C5D1454FC280018D111 /* DataSaveController.m */ = {isa = PBXFileReference; fileEncoding = 4; lastKnownFileType = sourcecode.c.objc; path = DataSaveController.m; sourceTree = "<group>"; };
		A9632C6814550A2B0018D111 /* DocumentPathController.h */ = {isa = PBXFileReference; fileEncoding = 4; lastKnownFileType = sourcecode.c.h; path = DocumentPathController.h; sourceTree = "<group>"; };
		A9632C6914550A2B0018D111 /* DocumentPathController.m */ = {isa = PBXFileReference; fileEncoding = 4; lastKnownFileType = sourcecode.c.objc; path = DocumentPathController.m; sourceTree = "<group>"; };
/* End PBXFileReference section */

/* Begin PBXFrameworksBuildPhase section */
		A9486974144EAE9600E08DE3 /* Frameworks */ = {
			isa = PBXFrameworksBuildPhase;
			buildActionMask = 2147483647;
			files = (
				A948697C144EAE9600E08DE3 /* UIKit.framework in Frameworks */,
				A948697E144EAE9600E08DE3 /* Foundation.framework in Frameworks */,
				A9486980144EAE9600E08DE3 /* CoreGraphics.framework in Frameworks */,
			);
			runOnlyForDeploymentPostprocessing = 0;
		};
/* End PBXFrameworksBuildPhase section */

/* Begin PBXGroup section */
		A948696C144EAE9600E08DE3 = {
			isa = PBXGroup;
			children = (
				A9486981144EAE9600E08DE3 /* 08_DataProcess_Sample */,
				A948697A144EAE9600E08DE3 /* Frameworks */,
				A9486978144EAE9600E08DE3 /* Products */,
			);
			sourceTree = "<group>";
		};
		A9486978144EAE9600E08DE3 /* Products */ = {
			isa = PBXGroup;
			children = (
				A9486977144EAE9600E08DE3 /* 08_DataProcess_Sample.app */,
			);
			name = Products;
			sourceTree = "<group>";
		};
		A948697A144EAE9600E08DE3 /* Frameworks */ = {
			isa = PBXGroup;
			children = (
				A948697B144EAE9600E08DE3 /* UIKit.framework */,
				A948697D144EAE9600E08DE3 /* Foundation.framework */,
				A948697F144EAE9600E08DE3 /* CoreGraphics.framework */,
			);
			name = Frameworks;
			sourceTree = "<group>";
		};
		A9486981144EAE9600E08DE3 /* 08_DataProcess_Sample */ = {
			isa = PBXGroup;
			children = (
				A9632C67145509060018D111 /* DocumentPath */,
				A9632C5A1454FC090018D111 /* DataSave */,
				A948698A144EAE9600E08DE3 /* AppDelegate.h */,
				A948698B144EAE9600E08DE3 /* AppDelegate.m */,
				A948698D144EAE9600E08DE3 /* RootViewController.h */,
				A948698E144EAE9600E08DE3 /* RootViewController.m */,
				A9486990144EAE9600E08DE3 /* DataViewController.h */,
				A9486991144EAE9600E08DE3 /* DataViewController.m */,
				A9486993144EAE9600E08DE3 /* ModelController.h */,
				A9486994144EAE9600E08DE3 /* ModelController.m */,
				A9486996144EAE9600E08DE3 /* MainStoryboard.storyboard */,
				A9486982144EAE9600E08DE3 /* Supporting Files */,
			);
			path = 08_DataProcess_Sample;
			sourceTree = "<group>";
		};
		A9486982144EAE9600E08DE3 /* Supporting Files */ = {
			isa = PBXGroup;
			children = (
				A9486983144EAE9600E08DE3 /* 08_DataProcess_Sample-Info.plist */,
				A9486984144EAE9600E08DE3 /* InfoPlist.strings */,
				A9486987144EAE9600E08DE3 /* main.m */,
				A9486989144EAE9600E08DE3 /* 08_DataProcess_Sample-Prefix.pch */,
			);
			name = "Supporting Files";
			sourceTree = "<group>";
		};
		A9632C5A1454FC090018D111 /* DataSave */ = {
			isa = PBXGroup;
			children = (
				A9632C5C1454FC280018D111 /* DataSaveController.h */,
				A9632C5D1454FC280018D111 /* DataSaveController.m */,
			);
			path = DataSave;
			sourceTree = "<group>";
		};
		A9632C67145509060018D111 /* DocumentPath */ = {
			isa = PBXGroup;
			children = (
				A9632C6814550A2B0018D111 /* DocumentPathController.h */,
				A9632C6914550A2B0018D111 /* DocumentPathController.m */,
			);
			path = DocumentPath;
			sourceTree = "<group>";
		};
/* End PBXGroup section */

/* Begin PBXNativeTarget section */
		A9486976144EAE9600E08DE3 /* 08_DataProcess_Sample */ = {
			isa = PBXNativeTarget;
			buildConfigurationList = A948699B144EAE9600E08DE3 /* Build configuration list for PBXNativeTarget "08_DataProcess_Sample" */;
			buildPhases = (
				A9486973144EAE9600E08DE3 /* Sources */,
				A9486974144EAE9600E08DE3 /* Frameworks */,
				A9486975144EAE9600E08DE3 /* Resources */,
			);
			buildRules = (
			);
			dependencies = (
			);
			name = 08_DataProcess_Sample;
			productName = 08_DataProcess_Sample;
			productReference = A9486977144EAE9600E08DE3 /* 08_DataProcess_Sample.app */;
			productType = "com.apple.product-type.application";
		};
/* End PBXNativeTarget section */

/* Begin PBXProject section */
		A948696E144EAE9600E08DE3 /* Project object */ = {
			isa = PBXProject;
			attributes = {
				LastUpgradeCheck = 0420;
				ORGANIZATIONNAME = UBIVELOX/MB;
			};
			buildConfigurationList = A9486971144EAE9600E08DE3 /* Build configuration list for PBXProject "08_DataProcess_Sample" */;
			compatibilityVersion = "Xcode 3.2";
			developmentRegion = English;
			hasScannedForEncodings = 0;
			knownRegions = (
				en,
			);
			mainGroup = A948696C144EAE9600E08DE3;
			productRefGroup = A9486978144EAE9600E08DE3 /* Products */;
			projectDirPath = "";
			projectRoot = "";
			targets = (
				A9486976144EAE9600E08DE3 /* 08_DataProcess_Sample */,
			);
		};
/* End PBXProject section */

/* Begin PBXResourcesBuildPhase section */
		A9486975144EAE9600E08DE3 /* Resources */ = {
			isa = PBXResourcesBuildPhase;
			buildActionMask = 2147483647;
			files = (
				A9486986144EAE9600E08DE3 /* InfoPlist.strings in Resources */,
				A9486998144EAE9600E08DE3 /* MainStoryboard.storyboard in Resources */,
			);
			runOnlyForDeploymentPostprocessing = 0;
		};
/* End PBXResourcesBuildPhase section */

/* Begin PBXSourcesBuildPhase section */
		A9486973144EAE9600E08DE3 /* Sources */ = {
			isa = PBXSourcesBuildPhase;
			buildActionMask = 2147483647;
			files = (
				A9486988144EAE9600E08DE3 /* main.m in Sources */,
				A948698C144EAE9600E08DE3 /* AppDelegate.m in Sources */,
				A948698F144EAE9600E08DE3 /* RootViewController.m in Sources */,
				A9486992144EAE9600E08DE3 /* DataViewController.m in Sources */,
				A9486995144EAE9600E08DE3 /* ModelController.m in Sources */,
				A9632C5E1454FC280018D111 /* DataSaveController.m in Sources */,
				A9632C6A14550A2B0018D111 /* DocumentPathController.m in Sources */,
			);
			runOnlyForDeploymentPostprocessing = 0;
		};
/* End PBXSourcesBuildPhase section */

/* Begin PBXVariantGroup section */
		A9486984144EAE9600E08DE3 /* InfoPlist.strings */ = {
			isa = PBXVariantGroup;
			children = (
				A9486985144EAE9600E08DE3 /* en */,
			);
			name = InfoPlist.strings;
			sourceTree = "<group>";
		};
		A9486996144EAE9600E08DE3 /* MainStoryboard.storyboard */ = {
			isa = PBXVariantGroup;
			children = (
				A9486997144EAE9600E08DE3 /* en */,
			);
			name = MainStoryboard.storyboard;
			sourceTree = "<group>";
		};
/* End PBXVariantGroup section */

/* Begin XCBuildConfiguration section */
		A9486999144EAE9600E08DE3 /* Debug */ = {
			isa = XCBuildConfiguration;
			buildSettings = {
				ALWAYS_SEARCH_USER_PATHS = NO;
				ARCHS = "$(ARCHS_STANDARD_32_BIT)";
				CLANG_ENABLE_OBJC_ARC = NO;
				"CODE_SIGN_IDENTITY[sdk=iphoneos*]" = "iPhone Developer";
				COPY_PHASE_STRIP = NO;
				GCC_C_LANGUAGE_STANDARD = gnu99;
				GCC_DYNAMIC_NO_PIC = NO;
				GCC_OPTIMIZATION_LEVEL = 0;
				GCC_PREPROCESSOR_DEFINITIONS = (
					"DEBUG=1",
					"$(inherited)",
				);
				GCC_SYMBOLS_PRIVATE_EXTERN = NO;
				GCC_VERSION = com.apple.compilers.llvm.clang.1_0;
				GCC_WARN_ABOUT_MISSING_PROTOTYPES = YES;
				GCC_WARN_ABOUT_RETURN_TYPE = YES;
				GCC_WARN_UNUSED_VARIABLE = YES;
				IPHONEOS_DEPLOYMENT_TARGET = 5.0;
				SDKROOT = iphoneos;
			};
			name = Debug;
		};
		A948699A144EAE9600E08DE3 /* Release */ = {
			isa = XCBuildConfiguration;
			buildSettings = {
				ALWAYS_SEARCH_USER_PATHS = NO;
				ARCHS = "$(ARCHS_STANDARD_32_BIT)";
				CLANG_ENABLE_OBJC_ARC = NO;
				"CODE_SIGN_IDENTITY[sdk=iphoneos*]" = "iPhone Developer";
				COPY_PHASE_STRIP = YES;
				GCC_C_LANGUAGE_STANDARD = gnu99;
				GCC_VERSION = com.apple.compilers.llvm.clang.1_0;
				GCC_WARN_ABOUT_MISSING_PROTOTYPES = YES;
				GCC_WARN_ABOUT_RETURN_TYPE = YES;
				GCC_WARN_UNUSED_VARIABLE = YES;
				IPHONEOS_DEPLOYMENT_TARGET = 5.0;
				OTHER_CFLAGS = "-DNS_BLOCK_ASSERTIONS=1";
				SDKROOT = iphoneos;
				VALIDATE_PRODUCT = YES;
			};
			name = Release;
		};
		A948699C144EAE9600E08DE3 /* Debug */ = {
			isa = XCBuildConfiguration;
			buildSettings = {
				GCC_PRECOMPILE_PREFIX_HEADER = YES;
				GCC_PREFIX_HEADER = "08_DataProcess_Sample/08_DataProcess_Sample-Prefix.pch";
				INFOPLIST_FILE = "08_DataProcess_Sample/08_DataProcess_Sample-Info.plist";
				PRODUCT_NAME = "$(TARGET_NAME)";
				WRAPPER_EXTENSION = app;
			};
			name = Debug;
		};
		A948699D144EAE9600E08DE3 /* Release */ = {
			isa = XCBuildConfiguration;
			buildSettings = {
				GCC_PRECOMPILE_PREFIX_HEADER = YES;
				GCC_PREFIX_HEADER = "08_DataProcess_Sample/08_DataProcess_Sample-Prefix.pch";
				INFOPLIST_FILE = "08_DataProcess_Sample/08_DataProcess_Sample-Info.plist";
				PRODUCT_NAME = "$(TARGET_NAME)";
				WRAPPER_EXTENSION = app;
			};
			name = Release;
		};
/* End XCBuildConfiguration section */

/* Begin XCConfigurationList section */
		A9486971144EAE9600E08DE3 /* Build configuration list for PBXProject "08_DataProcess_Sample" */ = {
			isa = XCConfigurationList;
			buildConfigurations = (
				A9486999144EAE9600E08DE3 /* Debug */,
				A948699A144EAE9600E08DE3 /* Release */,
			);
			defaultConfigurationIsVisible = 0;
			defaultConfigurationName = Release;
		};
		A948699B144EAE9600E08DE3 /* Build configuration list for PBXNativeTarget "08_DataProcess_Sample" */ = {
			isa = XCConfigurationList;
			buildConfigurations = (
				A948699C144EAE9600E08DE3 /* Debug */,
				A948699D144EAE9600E08DE3 /* Release */,
			);
			defaultConfigurationIsVisible = 0;
			defaultConfigurationName = Release;
		};
/* End XCConfigurationList section */
	};
	rootObject = A948696E144EAE9600E08DE3 /* Project object */;
}
