// !$*UTF8*$!
{
	archiveVersion = 1;
	classes = {
	};
	objectVersion = 46;
	objects = {

/* Begin PBXBuildFile section */
		A94867AE144EAD0100E08DE3 /* UIKit.framework in Frameworks */ = {isa = PBXBuildFile; fileRef = A94867AD144EAD0100E08DE3 /* UIKit.framework */; };
		A94867B0144EAD0100E08DE3 /* Foundation.framework in Frameworks */ = {isa = PBXBuildFile; fileRef = A94867AF144EAD0100E08DE3 /* Foundation.framework */; };
		A94867B2144EAD0100E08DE3 /* CoreGraphics.framework in Frameworks */ = {isa = PBXBuildFile; fileRef = A94867B1144EAD0100E08DE3 /* CoreGraphics.framework */; };
		A94867B8144EAD0100E08DE3 /* InfoPlist.strings in Resources */ = {isa = PBXBuildFile; fileRef = A94867B6144EAD0100E08DE3 /* InfoPlist.strings */; };
		A94867BA144EAD0100E08DE3 /* main.m in Sources */ = {isa = PBXBuildFile; fileRef = A94867B9144EAD0100E08DE3 /* main.m */; };
		A94867BE144EAD0100E08DE3 /* AppDelegate.m in Sources */ = {isa = PBXBuildFile; fileRef = A94867BD144EAD0100E08DE3 /* AppDelegate.m */; };
		A94867C1144EAD0100E08DE3 /* RootViewController.m in Sources */ = {isa = PBXBuildFile; fileRef = A94867C0144EAD0100E08DE3 /* RootViewController.m */; };
		A94867C4144EAD0100E08DE3 /* DataViewController.m in Sources */ = {isa = PBXBuildFile; fileRef = A94867C3144EAD0100E08DE3 /* DataViewController.m */; };
		A94867C7144EAD0100E08DE3 /* ModelController.m in Sources */ = {isa = PBXBuildFile; fileRef = A94867C6144EAD0100E08DE3 /* ModelController.m */; };
		A94867CA144EAD0100E08DE3 /* MainStoryboard.storyboard in Resources */ = {isa = PBXBuildFile; fileRef = A94867C8144EAD0100E08DE3 /* MainStoryboard.storyboard */; };
		A95CF868144FD44D00EBA1CF /* PickerView.m in Sources */ = {isa = PBXBuildFile; fileRef = A95CF866144FD44D00EBA1CF /* PickerView.m */; };
/* End PBXBuildFile section */

/* Begin PBXFileReference section */
		A94867A9144EAD0100E08DE3 /* 01_View_Sample.app */ = {isa = PBXFileReference; explicitFileType = wrapper.application; includeInIndex = 0; path = 01_View_Sample.app; sourceTree = BUILT_PRODUCTS_DIR; };
		A94867AD144EAD0100E08DE3 /* UIKit.framework */ = {isa = PBXFileReference; lastKnownFileType = wrapper.framework; name = UIKit.framework; path = System/Library/Frameworks/UIKit.framework; sourceTree = SDKROOT; };
		A94867AF144EAD0100E08DE3 /* Foundation.framework */ = {isa = PBXFileReference; lastKnownFileType = wrapper.framework; name = Foundation.framework; path = System/Library/Frameworks/Foundation.framework; sourceTree = SDKROOT; };
		A94867B1144EAD0100E08DE3 /* CoreGraphics.framework */ = {isa = PBXFileReference; lastKnownFileType = wrapper.framework; name = CoreGraphics.framework; path = System/Library/Frameworks/CoreGraphics.framework; sourceTree = SDKROOT; };
		A94867B5144EAD0100E08DE3 /* 01_View_Sample-Info.plist */ = {isa = PBXFileReference; lastKnownFileType = text.plist.xml; path = "01_View_Sample-Info.plist"; sourceTree = "<group>"; };
		A94867B7144EAD0100E08DE3 /* en */ = {isa = PBXFileReference; lastKnownFileType = text.plist.strings; name = en; path = en.lproj/InfoPlist.strings; sourceTree = "<group>"; };
		A94867B9144EAD0100E08DE3 /* main.m */ = {isa = PBXFileReference; lastKnownFileType = sourcecode.c.objc; path = main.m; sourceTree = "<group>"; };
		A94867BB144EAD0100E08DE3 /* 01_View_Sample-Prefix.pch */ = {isa = PBXFileReference; lastKnownFileType = sourcecode.c.h; path = "01_View_Sample-Prefix.pch"; sourceTree = "<group>"; };
		A94867BC144EAD0100E08DE3 /* AppDelegate.h */ = {isa = PBXFileReference; lastKnownFileType = sourcecode.c.h; path = AppDelegate.h; sourceTree = "<group>"; };
		A94867BD144EAD0100E08DE3 /* AppDelegate.m */ = {isa = PBXFileReference; lastKnownFileType = sourcecode.c.objc; path = AppDelegate.m; sourceTree = "<group>"; };
		A94867BF144EAD0100E08DE3 /* RootViewController.h */ = {isa = PBXFileReference; lastKnownFileType = sourcecode.c.h; path = RootViewController.h; sourceTree = "<group>"; };
		A94867C0144EAD0100E08DE3 /* RootViewController.m */ = {isa = PBXFileReference; lastKnownFileType = sourcecode.c.objc; path = RootViewController.m; sourceTree = "<group>"; };
		A94867C2144EAD0100E08DE3 /* DataViewController.h */ = {isa = PBXFileReference; lastKnownFileType = sourcecode.c.h; path = DataViewController.h; sourceTree = "<group>"; };
		A94867C3144EAD0100E08DE3 /* DataViewController.m */ = {isa = PBXFileReference; lastKnownFileType = sourcecode.c.objc; path = DataViewController.m; sourceTree = "<group>"; };
		A94867C5144EAD0100E08DE3 /* ModelController.h */ = {isa = PBXFileReference; lastKnownFileType = sourcecode.c.h; path = ModelController.h; sourceTree = "<group>"; };
		A94867C6144EAD0100E08DE3 /* ModelController.m */ = {isa = PBXFileReference; lastKnownFileType = sourcecode.c.objc; path = ModelController.m; sourceTree = "<group>"; };
		A94867C9144EAD0100E08DE3 /* en */ = {isa = PBXFileReference; lastKnownFileType = file.storyboard; name = en; path = en.lproj/MainStoryboard.storyboard; sourceTree = "<group>"; };
		A95CF865144FD44D00EBA1CF /* PickerView.h */ = {isa = PBXFileReference; fileEncoding = 4; lastKnownFileType = sourcecode.c.h; path = PickerView.h; sourceTree = "<group>"; };
		A95CF866144FD44D00EBA1CF /* PickerView.m */ = {isa = PBXFileReference; fileEncoding = 4; lastKnownFileType = sourcecode.c.objc; path = PickerView.m; sourceTree = "<group>"; };
/* End PBXFileReference section */

/* Begin PBXFrameworksBuildPhase section */
		A94867A6144EAD0100E08DE3 /* Frameworks */ = {
			isa = PBXFrameworksBuildPhase;
			buildActionMask = 2147483647;
			files = (
				A94867AE144EAD0100E08DE3 /* UIKit.framework in Frameworks */,
				A94867B0144EAD0100E08DE3 /* Foundation.framework in Frameworks */,
				A94867B2144EAD0100E08DE3 /* CoreGraphics.framework in Frameworks */,
			);
			runOnlyForDeploymentPostprocessing = 0;
		};
/* End PBXFrameworksBuildPhase section */

/* Begin PBXGroup section */
		A948679E144EAD0100E08DE3 = {
			isa = PBXGroup;
			children = (
				A94867B3144EAD0100E08DE3 /* 01_View_Sample */,
				A94867AC144EAD0100E08DE3 /* Frameworks */,
				A94867AA144EAD0100E08DE3 /* Products */,
			);
			sourceTree = "<group>";
		};
		A94867AA144EAD0100E08DE3 /* Products */ = {
			isa = PBXGroup;
			children = (
				A94867A9144EAD0100E08DE3 /* 01_View_Sample.app */,
			);
			name = Products;
			sourceTree = "<group>";
		};
		A94867AC144EAD0100E08DE3 /* Frameworks */ = {
			isa = PBXGroup;
			children = (
				A94867AD144EAD0100E08DE3 /* UIKit.framework */,
				A94867AF144EAD0100E08DE3 /* Foundation.framework */,
				A94867B1144EAD0100E08DE3 /* CoreGraphics.framework */,
			);
			name = Frameworks;
			sourceTree = "<group>";
		};
		A94867B3144EAD0100E08DE3 /* 01_View_Sample */ = {
			isa = PBXGroup;
			children = (
				A95CF85E144FBAF300EBA1CF /* PickerView */,
				A94867BC144EAD0100E08DE3 /* AppDelegate.h */,
				A94867BD144EAD0100E08DE3 /* AppDelegate.m */,
				A94867BF144EAD0100E08DE3 /* RootViewController.h */,
				A94867C0144EAD0100E08DE3 /* RootViewController.m */,
				A94867C2144EAD0100E08DE3 /* DataViewController.h */,
				A94867C3144EAD0100E08DE3 /* DataViewController.m */,
				A94867C5144EAD0100E08DE3 /* ModelController.h */,
				A94867C6144EAD0100E08DE3 /* ModelController.m */,
				A94867C8144EAD0100E08DE3 /* MainStoryboard.storyboard */,
				A94867B4144EAD0100E08DE3 /* Supporting Files */,
			);
			path = 01_View_Sample;
			sourceTree = "<group>";
		};
		A94867B4144EAD0100E08DE3 /* Supporting Files */ = {
			isa = PBXGroup;
			children = (
				A94867B5144EAD0100E08DE3 /* 01_View_Sample-Info.plist */,
				A94867B6144EAD0100E08DE3 /* InfoPlist.strings */,
				A94867B9144EAD0100E08DE3 /* main.m */,
				A94867BB144EAD0100E08DE3 /* 01_View_Sample-Prefix.pch */,
			);
			name = "Supporting Files";
			sourceTree = "<group>";
		};
		A95CF85E144FBAF300EBA1CF /* PickerView */ = {
			isa = PBXGroup;
			children = (
				A95CF865144FD44D00EBA1CF /* PickerView.h */,
				A95CF866144FD44D00EBA1CF /* PickerView.m */,
			);
			path = PickerView;
			sourceTree = "<group>";
		};
/* End PBXGroup section */

/* Begin PBXNativeTarget section */
		A94867A8144EAD0100E08DE3 /* 01_View_Sample */ = {
			isa = PBXNativeTarget;
			buildConfigurationList = A94867CD144EAD0100E08DE3 /* Build configuration list for PBXNativeTarget "01_View_Sample" */;
			buildPhases = (
				A94867A5144EAD0100E08DE3 /* Sources */,
				A94867A6144EAD0100E08DE3 /* Frameworks */,
				A94867A7144EAD0100E08DE3 /* Resources */,
			);
			buildRules = (
			);
			dependencies = (
			);
			name = 01_View_Sample;
			productName = 01_View_Sample;
			productReference = A94867A9144EAD0100E08DE3 /* 01_View_Sample.app */;
			productType = "com.apple.product-type.application";
		};
/* End PBXNativeTarget section */

/* Begin PBXProject section */
		A94867A0144EAD0100E08DE3 /* Project object */ = {
			isa = PBXProject;
			attributes = {
				LastUpgradeCheck = 0420;
				ORGANIZATIONNAME = UBIVELOX/MB;
			};
			buildConfigurationList = A94867A3144EAD0100E08DE3 /* Build configuration list for PBXProject "01_View_Sample" */;
			compatibilityVersion = "Xcode 3.2";
			developmentRegion = English;
			hasScannedForEncodings = 0;
			knownRegions = (
				en,
			);
			mainGroup = A948679E144EAD0100E08DE3;
			productRefGroup = A94867AA144EAD0100E08DE3 /* Products */;
			projectDirPath = "";
			projectRoot = "";
			targets = (
				A94867A8144EAD0100E08DE3 /* 01_View_Sample */,
			);
		};
/* End PBXProject section */

/* Begin PBXResourcesBuildPhase section */
		A94867A7144EAD0100E08DE3 /* Resources */ = {
			isa = PBXResourcesBuildPhase;
			buildActionMask = 2147483647;
			files = (
				A94867B8144EAD0100E08DE3 /* InfoPlist.strings in Resources */,
				A94867CA144EAD0100E08DE3 /* MainStoryboard.storyboard in Resources */,
			);
			runOnlyForDeploymentPostprocessing = 0;
		};
/* End PBXResourcesBuildPhase section */

/* Begin PBXSourcesBuildPhase section */
		A94867A5144EAD0100E08DE3 /* Sources */ = {
			isa = PBXSourcesBuildPhase;
			buildActionMask = 2147483647;
			files = (
				A94867BA144EAD0100E08DE3 /* main.m in Sources */,
				A94867BE144EAD0100E08DE3 /* AppDelegate.m in Sources */,
				A94867C1144EAD0100E08DE3 /* RootViewController.m in Sources */,
				A94867C4144EAD0100E08DE3 /* DataViewController.m in Sources */,
				A94867C7144EAD0100E08DE3 /* ModelController.m in Sources */,
				A95CF868144FD44D00EBA1CF /* PickerView.m in Sources */,
			);
			runOnlyForDeploymentPostprocessing = 0;
		};
/* End PBXSourcesBuildPhase section */

/* Begin PBXVariantGroup section */
		A94867B6144EAD0100E08DE3 /* InfoPlist.strings */ = {
			isa = PBXVariantGroup;
			children = (
				A94867B7144EAD0100E08DE3 /* en */,
			);
			name = InfoPlist.strings;
			sourceTree = "<group>";
		};
		A94867C8144EAD0100E08DE3 /* MainStoryboard.storyboard */ = {
			isa = PBXVariantGroup;
			children = (
				A94867C9144EAD0100E08DE3 /* en */,
			);
			name = MainStoryboard.storyboard;
			sourceTree = "<group>";
		};
/* End PBXVariantGroup section */

/* Begin XCBuildConfiguration section */
		A94867CB144EAD0100E08DE3 /* Debug */ = {
			isa = XCBuildConfiguration;
			buildSettings = {
				ALWAYS_SEARCH_USER_PATHS = NO;
				ARCHS = "$(ARCHS_STANDARD_32_BIT)";
				CLANG_ENABLE_OBJC_ARC = YES;
				"CODE_SIGN_IDENTITY[sdk=iphoneos*]" = "iPhone Developer";
				COPY_PHASE_STRIP = NO;
				GCC_C_LANGUAGE_STANDARD = gnu99;
				GCC_DYNAMIC_NO_PIC = NO;
				GCC_OPTIMIZATION_LEVEL = 0;
				GCC_PREPROCESSOR_DEFINITIONS = (
					"DEBUG=1",
					"$(inherited)",
				);
				GCC_SYMBOLS_PRIVATE_EXTERN = NO;
				GCC_VERSION = com.apple.compilers.llvm.clang.1_0;
				GCC_WARN_ABOUT_MISSING_PROTOTYPES = YES;
				GCC_WARN_ABOUT_RETURN_TYPE = YES;
				GCC_WARN_UNUSED_VARIABLE = YES;
				IPHONEOS_DEPLOYMENT_TARGET = 5.0;
				SDKROOT = iphoneos;
			};
			name = Debug;
		};
		A94867CC144EAD0100E08DE3 /* Release */ = {
			isa = XCBuildConfiguration;
			buildSettings = {
				ALWAYS_SEARCH_USER_PATHS = NO;
				ARCHS = "$(ARCHS_STANDARD_32_BIT)";
				CLANG_ENABLE_OBJC_ARC = YES;
				"CODE_SIGN_IDENTITY[sdk=iphoneos*]" = "iPhone Developer";
				COPY_PHASE_STRIP = YES;
				GCC_C_LANGUAGE_STANDARD = gnu99;
				GCC_VERSION = com.apple.compilers.llvm.clang.1_0;
				GCC_WARN_ABOUT_MISSING_PROTOTYPES = YES;
				GCC_WARN_ABOUT_RETURN_TYPE = YES;
				GCC_WARN_UNUSED_VARIABLE = YES;
				IPHONEOS_DEPLOYMENT_TARGET = 5.0;
				OTHER_CFLAGS = "-DNS_BLOCK_ASSERTIONS=1";
				SDKROOT = iphoneos;
				VALIDATE_PRODUCT = YES;
			};
			name = Release;
		};
		A94867CE144EAD0100E08DE3 /* Debug */ = {
			isa = XCBuildConfiguration;
			buildSettings = {
				GCC_PRECOMPILE_PREFIX_HEADER = YES;
				GCC_PREFIX_HEADER = "01_View_Sample/01_View_Sample-Prefix.pch";
				INFOPLIST_FILE = "01_View_Sample/01_View_Sample-Info.plist";
				PRODUCT_NAME = "$(TARGET_NAME)";
				WRAPPER_EXTENSION = app;
			};
			name = Debug;
		};
		A94867CF144EAD0100E08DE3 /* Release */ = {
			isa = XCBuildConfiguration;
			buildSettings = {
				GCC_PRECOMPILE_PREFIX_HEADER = YES;
				GCC_PREFIX_HEADER = "01_View_Sample/01_View_Sample-Prefix.pch";
				INFOPLIST_FILE = "01_View_Sample/01_View_Sample-Info.plist";
				PRODUCT_NAME = "$(TARGET_NAME)";
				WRAPPER_EXTENSION = app;
			};
			name = Release;
		};
/* End XCBuildConfiguration section */

/* Begin XCConfigurationList section */
		A94867A3144EAD0100E08DE3 /* Build configuration list for PBXProject "01_View_Sample" */ = {
			isa = XCConfigurationList;
			buildConfigurations = (
				A94867CB144EAD0100E08DE3 /* Debug */,
				A94867CC144EAD0100E08DE3 /* Release */,
			);
			defaultConfigurationIsVisible = 0;
			defaultConfigurationName = Release;
		};
		A94867CD144EAD0100E08DE3 /* Build configuration list for PBXNativeTarget "01_View_Sample" */ = {
			isa = XCConfigurationList;
			buildConfigurations = (
				A94867CE144EAD0100E08DE3 /* Debug */,
				A94867CF144EAD0100E08DE3 /* Release */,
			);
			defaultConfigurationIsVisible = 0;
			defaultConfigurationName = Release;
		};
/* End XCConfigurationList section */
	};
	rootObject = A94867A0144EAD0100E08DE3 /* Project object */;
}
